// !$*UTF8*$!
{
	archiveVersion = 1;
	classes = {
	};
	objectVersion = 50;
	objects = {

/* Begin PBXBuildFile section */
		1901891024A42CAD001307D2 /* GradientImageButton.swift in Sources */ = {isa = PBXBuildFile; fileRef = 1901890F24A42CAD001307D2 /* GradientImageButton.swift */; };
		195678EA2280269B005A1C79 /* XIBGradient.png in Resources */ = {isa = PBXBuildFile; fileRef = 195678E92280269B005A1C79 /* XIBGradient.png */; };
		195678EC22802AA5005A1C79 /* GradientAvaliable.swift in Sources */ = {isa = PBXBuildFile; fileRef = 195678EB22802AA5005A1C79 /* GradientAvaliable.swift */; };
		195678EE228033CA005A1C79 /* List.png in Resources */ = {isa = PBXBuildFile; fileRef = 195678ED228033CA005A1C79 /* List.png */; };
		19E326AA21928F72003E9C7F /* AppDelegate.swift in Sources */ = {isa = PBXBuildFile; fileRef = 19E326A921928F72003E9C7F /* AppDelegate.swift */; };
		19E326AC21928F72003E9C7F /* ViewController.swift in Sources */ = {isa = PBXBuildFile; fileRef = 19E326AB21928F72003E9C7F /* ViewController.swift */; };
		19E326AF21928F72003E9C7F /* Main.storyboard in Resources */ = {isa = PBXBuildFile; fileRef = 19E326AD21928F72003E9C7F /* Main.storyboard */; };
		19E326B121928F74003E9C7F /* Assets.xcassets in Resources */ = {isa = PBXBuildFile; fileRef = 19E326B021928F74003E9C7F /* Assets.xcassets */; };
		19E326B421928F74003E9C7F /* LaunchScreen.storyboard in Resources */ = {isa = PBXBuildFile; fileRef = 19E326B221928F74003E9C7F /* LaunchScreen.storyboard */; };
		19E326BE21928FA1003E9C7F /* GradientLabel.swift in Sources */ = {isa = PBXBuildFile; fileRef = 19E326BD21928FA1003E9C7F /* GradientLabel.swift */; };
		19E326C02192933F003E9C7F /* GradientButton.swift in Sources */ = {isa = PBXBuildFile; fileRef = 19E326BF2192933F003E9C7F /* GradientButton.swift */; };
		19E326C22192939D003E9C7F /* GradientView.swift in Sources */ = {isa = PBXBuildFile; fileRef = 19E326C12192939D003E9C7F /* GradientView.swift */; };
		19E326C4219293DA003E9C7F /* GradientTextField.swift in Sources */ = {isa = PBXBuildFile; fileRef = 19E326C3219293DA003E9C7F /* GradientTextField.swift */; };
		19E326C6219294A4003E9C7F /* GradientTextView.swift in Sources */ = {isa = PBXBuildFile; fileRef = 19E326C5219294A4003E9C7F /* GradientTextView.swift */; };
/* End PBXBuildFile section */

/* Begin PBXFileReference section */
		1901890F24A42CAD001307D2 /* GradientImageButton.swift */ = {isa = PBXFileReference; lastKnownFileType = sourcecode.swift; path = GradientImageButton.swift; sourceTree = "<group>"; };
		195678E92280269B005A1C79 /* XIBGradient.png */ = {isa = PBXFileReference; lastKnownFileType = image.png; path = XIBGradient.png; sourceTree = "<group>"; };
		195678EB22802AA5005A1C79 /* GradientAvaliable.swift */ = {isa = PBXFileReference; lastKnownFileType = sourcecode.swift; path = GradientAvaliable.swift; sourceTree = "<group>"; };
		195678ED228033CA005A1C79 /* List.png */ = {isa = PBXFileReference; lastKnownFileType = image.png; path = List.png; sourceTree = "<group>"; };
		19E326A621928F72003E9C7F /* JXGradientKit.app */ = {isa = PBXFileReference; explicitFileType = wrapper.application; includeInIndex = 0; path = JXGradientKit.app; sourceTree = BUILT_PRODUCTS_DIR; };
		19E326A921928F72003E9C7F /* AppDelegate.swift */ = {isa = PBXFileReference; lastKnownFileType = sourcecode.swift; path = AppDelegate.swift; sourceTree = "<group>"; };
		19E326AB21928F72003E9C7F /* ViewController.swift */ = {isa = PBXFileReference; lastKnownFileType = sourcecode.swift; path = ViewController.swift; sourceTree = "<group>"; };
		19E326AE21928F72003E9C7F /* Base */ = {isa = PBXFileReference; lastKnownFileType = file.storyboard; name = Base; path = Base.lproj/Main.storyboard; sourceTree = "<group>"; };
		19E326B021928F74003E9C7F /* Assets.xcassets */ = {isa = PBXFileReference; lastKnownFileType = folder.assetcatalog; path = Assets.xcassets; sourceTree = "<group>"; };
		19E326B321928F74003E9C7F /* Base */ = {isa = PBXFileReference; lastKnownFileType = file.storyboard; name = Base; path = Base.lproj/LaunchScreen.storyboard; sourceTree = "<group>"; };
		19E326B521928F74003E9C7F /* Info.plist */ = {isa = PBXFileReference; lastKnownFileType = text.plist.xml; path = Info.plist; sourceTree = "<group>"; };
		19E326BD21928FA1003E9C7F /* GradientLabel.swift */ = {isa = PBXFileReference; lastKnownFileType = sourcecode.swift; path = GradientLabel.swift; sourceTree = "<group>"; };
		19E326BF2192933F003E9C7F /* GradientButton.swift */ = {isa = PBXFileReference; lastKnownFileType = sourcecode.swift; path = GradientButton.swift; sourceTree = "<group>"; };
		19E326C12192939D003E9C7F /* GradientView.swift */ = {isa = PBXFileReference; lastKnownFileType = sourcecode.swift; path = GradientView.swift; sourceTree = "<group>"; };
		19E326C3219293DA003E9C7F /* GradientTextField.swift */ = {isa = PBXFileReference; lastKnownFileType = sourcecode.swift; path = GradientTextField.swift; sourceTree = "<group>"; };
		19E326C5219294A4003E9C7F /* GradientTextView.swift */ = {isa = PBXFileReference; lastKnownFileType = sourcecode.swift; path = GradientTextView.swift; sourceTree = "<group>"; };
/* End PBXFileReference section */

/* Begin PBXFrameworksBuildPhase section */
		19E326A321928F72003E9C7F /* Frameworks */ = {
			isa = PBXFrameworksBuildPhase;
			buildActionMask = 2147483647;
			files = (
			);
			runOnlyForDeploymentPostprocessing = 0;
		};
/* End PBXFrameworksBuildPhase section */

/* Begin PBXGroup section */
		195678E82280268C005A1C79 /* Images */ = {
			isa = PBXGroup;
			children = (
				195678ED228033CA005A1C79 /* List.png */,
				195678E92280269B005A1C79 /* XIBGradient.png */,
			);
			path = Images;
			sourceTree = "<group>";
		};
		19E3269D21928F72003E9C7F = {
			isa = PBXGroup;
			children = (
				19E326A821928F72003E9C7F /* JXGradientKit */,
				19E326A721928F72003E9C7F /* Products */,
			);
			sourceTree = "<group>";
		};
		19E326A721928F72003E9C7F /* Products */ = {
			isa = PBXGroup;
			children = (
				19E326A621928F72003E9C7F /* JXGradientKit.app */,
			);
			name = Products;
			sourceTree = "<group>";
		};
		19E326A821928F72003E9C7F /* JXGradientKit */ = {
			isa = PBXGroup;
			children = (
				195678E82280268C005A1C79 /* Images */,
				19E326BC21928F8F003E9C7F /* Sources */,
				19E326A921928F72003E9C7F /* AppDelegate.swift */,
				19E326AB21928F72003E9C7F /* ViewController.swift */,
				19E326AD21928F72003E9C7F /* Main.storyboard */,
				19E326B021928F74003E9C7F /* Assets.xcassets */,
				19E326B221928F74003E9C7F /* LaunchScreen.storyboard */,
				19E326B521928F74003E9C7F /* Info.plist */,
			);
			path = JXGradientKit;
			sourceTree = "<group>";
		};
		19E326BC21928F8F003E9C7F /* Sources */ = {
			isa = PBXGroup;
			children = (
				19E326BD21928FA1003E9C7F /* GradientLabel.swift */,
				19E326C12192939D003E9C7F /* GradientView.swift */,
				19E326BF2192933F003E9C7F /* GradientButton.swift */,
				1901890F24A42CAD001307D2 /* GradientImageButton.swift */,
				19E326C3219293DA003E9C7F /* GradientTextField.swift */,
				19E326C5219294A4003E9C7F /* GradientTextView.swift */,
				195678EB22802AA5005A1C79 /* GradientAvaliable.swift */,
			);
			path = Sources;
			sourceTree = SOURCE_ROOT;
		};
/* End PBXGroup section */

/* Begin PBXNativeTarget section */
		19E326A521928F72003E9C7F /* JXGradientKit */ = {
			isa = PBXNativeTarget;
			buildConfigurationList = 19E326B821928F74003E9C7F /* Build configuration list for PBXNativeTarget "JXGradientKit" */;
			buildPhases = (
				19E326A221928F72003E9C7F /* Sources */,
				19E326A321928F72003E9C7F /* Frameworks */,
				19E326A421928F72003E9C7F /* Resources */,
			);
			buildRules = (
			);
			dependencies = (
			);
			name = JXGradientKit;
			productName = JXGradientKit;
			productReference = 19E326A621928F72003E9C7F /* JXGradientKit.app */;
			productType = "com.apple.product-type.application";
		};
/* End PBXNativeTarget section */

/* Begin PBXProject section */
		19E3269E21928F72003E9C7F /* Project object */ = {
			isa = PBXProject;
			attributes = {
				LastSwiftUpdateCheck = 1000;
				LastUpgradeCheck = 1000;
				ORGANIZATIONNAME = jiaxin;
				TargetAttributes = {
					19E326A521928F72003E9C7F = {
						CreatedOnToolsVersion = 10.0;
					};
				};
			};
			buildConfigurationList = 19E326A121928F72003E9C7F /* Build configuration list for PBXProject "JXGradientKit" */;
			compatibilityVersion = "Xcode 9.3";
			developmentRegion = en;
			hasScannedForEncodings = 0;
			knownRegions = (
				en,
				Base,
			);
			mainGroup = 19E3269D21928F72003E9C7F;
			productRefGroup = 19E326A721928F72003E9C7F /* Products */;
			projectDirPath = "";
			projectRoot = "";
			targets = (
				19E326A521928F72003E9C7F /* JXGradientKit */,
			);
		};
/* End PBXProject section */

/* Begin PBXResourcesBuildPhase section */
		19E326A421928F72003E9C7F /* Resources */ = {
			isa = PBXResourcesBuildPhase;
			buildActionMask = 2147483647;
			files = (
				19E326B421928F74003E9C7F /* LaunchScreen.storyboard in Resources */,
				19E326B121928F74003E9C7F /* Assets.xcassets in Resources */,
				195678EE228033CA005A1C79 /* List.png in Resources */,
				19E326AF21928F72003E9C7F /* Main.storyboard in Resources */,
				195678EA2280269B005A1C79 /* XIBGradient.png in Resources */,
			);
			runOnlyForDeploymentPostprocessing = 0;
		};
/* End PBXResourcesBuildPhase section */

/* Begin PBXSourcesBuildPhase section */
		19E326A221928F72003E9C7F /* Sources */ = {
			isa = PBXSourcesBuildPhase;
			buildActionMask = 2147483647;
			files = (
				1901891024A42CAD001307D2 /* GradientImageButton.swift in Sources */,
				19E326AC21928F72003E9C7F /* ViewController.swift in Sources */,
				19E326C4219293DA003E9C7F /* GradientTextField.swift in Sources */,
				195678EC22802AA5005A1C79 /* GradientAvaliable.swift in Sources */,
				19E326C02192933F003E9C7F /* GradientButton.swift in Sources */,
				19E326C6219294A4003E9C7F /* GradientTextView.swift in Sources */,
				19E326BE21928FA1003E9C7F /* GradientLabel.swift in Sources */,
				19E326C22192939D003E9C7F /* GradientView.swift in Sources */,
				19E326AA21928F72003E9C7F /* AppDelegate.swift in Sources */,
			);
			runOnlyForDeploymentPostprocessing = 0;
		};
/* End PBXSourcesBuildPhase section */

/* Begin PBXVariantGroup section */
		19E326AD21928F72003E9C7F /* Main.storyboard */ = {
			isa = PBXVariantGroup;
			children = (
				19E326AE21928F72003E9C7F /* Base */,
			);
			name = Main.storyboard;
			sourceTree = "<group>";
		};
		19E326B221928F74003E9C7F /* LaunchScreen.storyboard */ = {
			isa = PBXVariantGroup;
			children = (
				19E326B321928F74003E9C7F /* Base */,
			);
			name = LaunchScreen.storyboard;
			sourceTree = "<group>";
		};
/* End PBXVariantGroup section */

/* Begin XCBuildConfiguration section */
		19E326B621928F74003E9C7F /* Debug */ = {
			isa = XCBuildConfiguration;
			buildSettings = {
				ALWAYS_SEARCH_USER_PATHS = NO;
				CLANG_ANALYZER_NONNULL = YES;
				CLANG_ANALYZER_NUMBER_OBJECT_CONVERSION = YES_AGGRESSIVE;
				CLANG_CXX_LANGUAGE_STANDARD = "gnu++14";
				CLANG_CXX_LIBRARY = "libc++";
				CLANG_ENABLE_MODULES = YES;
				CLANG_ENABLE_OBJC_ARC = YES;
				CLANG_ENABLE_OBJC_WEAK = YES;
				CLANG_WARN_BLOCK_CAPTURE_AUTORELEASING = YES;
				CLANG_WARN_BOOL_CONVERSION = YES;
				CLANG_WARN_COMMA = YES;
				CLANG_WARN_CONSTANT_CONVERSION = YES;
				CLANG_WARN_DEPRECATED_OBJC_IMPLEMENTATIONS = YES;
				CLANG_WARN_DIRECT_OBJC_ISA_USAGE = YES_ERROR;
				CLANG_WARN_DOCUMENTATION_COMMENTS = YES;
				CLANG_WARN_EMPTY_BODY = YES;
				CLANG_WARN_ENUM_CONVERSION = YES;
				CLANG_WARN_INFINITE_RECURSION = YES;
				CLANG_WARN_INT_CONVERSION = YES;
				CLANG_WARN_NON_LITERAL_NULL_CONVERSION = YES;
				CLANG_WARN_OBJC_IMPLICIT_RETAIN_SELF = YES;
				CLANG_WARN_OBJC_LITERAL_CONVERSION = YES;
				CLANG_WARN_OBJC_ROOT_CLASS = YES_ERROR;
				CLANG_WARN_RANGE_LOOP_ANALYSIS = YES;
				CLANG_WARN_STRICT_PROTOTYPES = YES;
				CLANG_WARN_SUSPICIOUS_MOVE = YES;
				CLANG_WARN_UNGUARDED_AVAILABILITY = YES_AGGRESSIVE;
				CLANG_WARN_UNREACHABLE_CODE = YES;
				CLANG_WARN__DUPLICATE_METHOD_MATCH = YES;
				CODE_SIGN_IDENTITY = "iPhone Developer";
				COPY_PHASE_STRIP = NO;
				DEBUG_INFORMATION_FORMAT = dwarf;
				ENABLE_STRICT_OBJC_MSGSEND = YES;
				ENABLE_TESTABILITY = YES;
				GCC_C_LANGUAGE_STANDARD = gnu11;
				GCC_DYNAMIC_NO_PIC = NO;
				GCC_NO_COMMON_BLOCKS = YES;
				GCC_OPTIMIZATION_LEVEL = 0;
				GCC_PREPROCESSOR_DEFINITIONS = (
					"DEBUG=1",
					"$(inherited)",
				);
				GCC_WARN_64_TO_32_BIT_CONVERSION = YES;
				GCC_WARN_ABOUT_RETURN_TYPE = YES_ERROR;
				GCC_WARN_UNDECLARED_SELECTOR = YES;
				GCC_WARN_UNINITIALIZED_AUTOS = YES_AGGRESSIVE;
				GCC_WARN_UNUSED_FUNCTION = YES;
				GCC_WARN_UNUSED_VARIABLE = YES;
				IPHONEOS_DEPLOYMENT_TARGET = 12.0;
				MTL_ENABLE_DEBUG_INFO = INCLUDE_SOURCE;
				MTL_FAST_MATH = YES;
				ONLY_ACTIVE_ARCH = YES;
				SDKROOT = iphoneos;
				SWIFT_ACTIVE_COMPILATION_CONDITIONS = DEBUG;
				SWIFT_OPTIMIZATION_LEVEL = "-Onone";
			};
			name = Debug;
		};
		19E326B721928F74003E9C7F /* Release */ = {
			isa = XCBuildConfiguration;
			buildSettings = {
				ALWAYS_SEARCH_USER_PATHS = NO;
				CLANG_ANALYZER_NONNULL = YES;
				CLANG_ANALYZER_NUMBER_OBJECT_CONVERSION = YES_AGGRESSIVE;
				CLANG_CXX_LANGUAGE_STANDARD = "gnu++14";
				CLANG_CXX_LIBRARY = "libc++";
				CLANG_ENABLE_MODULES = YES;
				CLANG_ENABLE_OBJC_ARC = YES;
				CLANG_ENABLE_OBJC_WEAK = YES;
				CLANG_WARN_BLOCK_CAPTURE_AUTORELEASING = YES;
				CLANG_WARN_BOOL_CONVERSION = YES;
				CLANG_WARN_COMMA = YES;
				CLANG_WARN_CONSTANT_CONVERSION = YES;
				CLANG_WARN_DEPRECATED_OBJC_IMPLEMENTATIONS = YES;
				CLANG_WARN_DIRECT_OBJC_ISA_USAGE = YES_ERROR;
				CLANG_WARN_DOCUMENTATION_COMMENTS = YES;
				CLANG_WARN_EMPTY_BODY = YES;
				CLANG_WARN_ENUM_CONVERSION = YES;
				CLANG_WARN_INFINITE_RECURSION = YES;
				CLANG_WARN_INT_CONVERSION = YES;
				CLANG_WARN_NON_LITERAL_NULL_CONVERSION = YES;
				CLANG_WARN_OBJC_IMPLICIT_RETAIN_SELF = YES;
				CLANG_WARN_OBJC_LITERAL_CONVERSION = YES;
				CLANG_WARN_OBJC_ROOT_CLASS = YES_ERROR;
				CLANG_WARN_RANGE_LOOP_ANALYSIS = YES;
				CLANG_WARN_STRICT_PROTOTYPES = YES;
				CLANG_WARN_SUSPICIOUS_MOVE = YES;
				CLANG_WARN_UNGUARDED_AVAILABILITY = YES_AGGRESSIVE;
				CLANG_WARN_UNREACHABLE_CODE = YES;
				CLANG_WARN__DUPLICATE_METHOD_MATCH = YES;
				CODE_SIGN_IDENTITY = "iPhone Developer";
				COPY_PHASE_STRIP = NO;
				DEBUG_INFORMATION_FORMAT = "dwarf-with-dsym";
				ENABLE_NS_ASSERTIONS = NO;
				ENABLE_STRICT_OBJC_MSGSEND = YES;
				GCC_C_LANGUAGE_STANDARD = gnu11;
				GCC_NO_COMMON_BLOCKS = YES;
				GCC_WARN_64_TO_32_BIT_CONVERSION = YES;
				GCC_WARN_ABOUT_RETURN_TYPE = YES_ERROR;
				GCC_WARN_UNDECLARED_SELECTOR = YES;
				GCC_WARN_UNINITIALIZED_AUTOS = YES_AGGRESSIVE;
				GCC_WARN_UNUSED_FUNCTION = YES;
				GCC_WARN_UNUSED_VARIABLE = YES;
				IPHONEOS_DEPLOYMENT_TARGET = 12.0;
				MTL_ENABLE_DEBUG_INFO = NO;
				MTL_FAST_MATH = YES;
				SDKROOT = iphoneos;
				SWIFT_COMPILATION_MODE = wholemodule;
				SWIFT_OPTIMIZATION_LEVEL = "-O";
				VALIDATE_PRODUCT = YES;
			};
			name = Release;
		};
		19E326B921928F74003E9C7F /* Debug */ = {
			isa = XCBuildConfiguration;
			buildSettings = {
				ASSETCATALOG_COMPILER_APPICON_NAME = AppIcon;
				CODE_SIGN_STYLE = Automatic;
				INFOPLIST_FILE = JXGradientKit/Info.plist;
				LD_RUNPATH_SEARCH_PATHS = (
					"$(inherited)",
					"@executable_path/Frameworks",
				);
				PRODUCT_BUNDLE_IDENTIFIER = jiaxin.JXGradientKit;
				PRODUCT_NAME = "$(TARGET_NAME)";
				SWIFT_VERSION = 5.0;
				TARGETED_DEVICE_FAMILY = "1,2";
			};
			name = Debug;
		};
		19E326BA21928F74003E9C7F /* Release */ = {
			isa = XCBuildConfiguration;
			buildSettings = {
				ASSETCATALOG_COMPILER_APPICON_NAME = AppIcon;
				CODE_SIGN_STYLE = Automatic;
				INFOPLIST_FILE = JXGradientKit/Info.plist;
				LD_RUNPATH_SEARCH_PATHS = (
					"$(inherited)",
					"@executable_path/Frameworks",
				);
				PRODUCT_BUNDLE_IDENTIFIER = jiaxin.JXGradientKit;
				PRODUCT_NAME = "$(TARGET_NAME)";
				SWIFT_VERSION = 5.0;
				TARGETED_DEVICE_FAMILY = "1,2";
			};
			name = Release;
		};
/* End XCBuildConfiguration section */

/* Begin XCConfigurationList section */
		19E326A121928F72003E9C7F /* Build configuration list for PBXProject "JXGradientKit" */ = {
			isa = XCConfigurationList;
			buildConfigurations = (
				19E326B621928F74003E9C7F /* Debug */,
				19E326B721928F74003E9C7F /* Release */,
			);
			defaultConfigurationIsVisible = 0;
			defaultConfigurationName = Release;
		};
		19E326B821928F74003E9C7F /* Build configuration list for PBXNativeTarget "JXGradientKit" */ = {
			isa = XCConfigurationList;
			buildConfigurations = (
				19E326B921928F74003E9C7F /* Debug */,
				19E326BA21928F74003E9C7F /* Release */,
			);
			defaultConfigurationIsVisible = 0;
			defaultConfigurationName = Release;
		};
/* End XCConfigurationList section */
	};
	rootObject = 19E3269E21928F72003E9C7F /* Project object */;
}
